
Microsoft Visual Studio Solution File, Format Version 12.00
# Visual Studio 14
VisualStudioVersion = 14.0.25420.1
MinimumVisualStudioVersion = 10.0.40219.1
Project("{FAE04EC0-301F-11D3-BF4B-00C04F79EFBC}") = "news360", "news360\news360.csproj", "{698FB91C-F12A-42C4-84A2-88FD248A1726}"
EndProject
Project("{FAE04EC0-301F-11D3-BF4B-00C04F79EFBC}") = "news360.Tests", "news360.Tests\news360.Tests.csproj", "{A2350A1D-6042-4C95-9F7D-ED72CFAD804C}"
EndProject
Global
	GlobalSection(SolutionConfigurationPlatforms) = preSolution
		Debug|Any CPU = Debug|Any CPU
		Release|Any CPU = Release|Any CPU
	EndGlobalSection
	GlobalSection(ProjectConfigurationPlatforms) = postSolution
		{698FB91C-F12A-42C4-84A2-88FD248A1726}.Debug|Any CPU.ActiveCfg = Debug|Any CPU
		{698FB91C-F12A-42C4-84A2-88FD248A1726}.Debug|Any CPU.Build.0 = Debug|Any CPU
		{698FB91C-F12A-42C4-84A2-88FD248A1726}.Release|Any CPU.ActiveCfg = Release|Any CPU
		{698FB91C-F12A-42C4-84A2-88FD248A1726}.Release|Any CPU.Build.0 = Release|Any CPU
		{A2350A1D-6042-4C95-9F7D-ED72CFAD804C}.Debug|Any CPU.ActiveCfg = Debug|Any CPU
		{A2350A1D-6042-4C95-9F7D-ED72CFAD804C}.Debug|Any CPU.Build.0 = Debug|Any CPU
		{A2350A1D-6042-4C95-9F7D-ED72CFAD804C}.Release|Any CPU.ActiveCfg = Release|Any CPU
		{A2350A1D-6042-4C95-9F7D-ED72CFAD804C}.Release|Any CPU.Build.0 = Release|Any CPU
	EndGlobalSection
	GlobalSection(SolutionProperties) = preSolution
		HideSolutionNode = FALSE
	EndGlobalSection
EndGlobal
